
Microsoft Visual Studio Solution File, Format Version 12.00
# Visual Studio 15
VisualStudioVersion = 15.0.27130.2027
MinimumVisualStudioVersion = 10.0.40219.1
Project("{9A19103F-16F7-4668-BE54-9A1E7A4F7556}") = "Bingfa", "Bingfa\Bingfa.csproj", "{18C73D22-1E61-4120-8339-075CF7E210F3}"
EndProject
Project("{9A19103F-16F7-4668-BE54-9A1E7A4F7556}") = "Test", "Test\Test.csproj", "{5E39049E-9B39-43B0-8898-97E9FC55E50B}"
EndProject
Global
	GlobalSection(SolutionConfigurationPlatforms) = preSolution
		Debug|Any CPU = Debug|Any CPU
		Release|Any CPU = Release|Any CPU
	EndGlobalSection
	GlobalSection(ProjectConfigurationPlatforms) = postSolution
		{18C73D22-1E61-4120-8339-075CF7E210F3}.Debug|Any CPU.ActiveCfg = Debug|Any CPU
		{18C73D22-1E61-4120-8339-075CF7E210F3}.Debug|Any CPU.Build.0 = Debug|Any CPU
		{18C73D22-1E61-4120-8339-075CF7E210F3}.Release|Any CPU.ActiveCfg = Release|Any CPU
		{18C73D22-1E61-4120-8339-075CF7E210F3}.Release|Any CPU.Build.0 = Release|Any CPU
		{5E39049E-9B39-43B0-8898-97E9FC55E50B}.Debug|Any CPU.ActiveCfg = Debug|Any CPU
		{5E39049E-9B39-43B0-8898-97E9FC55E50B}.Debug|Any CPU.Build.0 = Debug|Any CPU
		{5E39049E-9B39-43B0-8898-97E9FC55E50B}.Release|Any CPU.ActiveCfg = Release|Any CPU
		{5E39049E-9B39-43B0-8898-97E9FC55E50B}.Release|Any CPU.Build.0 = Release|Any CPU
	EndGlobalSection
	GlobalSection(SolutionProperties) = preSolution
		HideSolutionNode = FALSE
	EndGlobalSection
	GlobalSection(ExtensibilityGlobals) = postSolution
		SolutionGuid = {F6C84C1E-7631-45F6-9894-BE2B7645CFAA}
	EndGlobalSection
EndGlobal
